{
  "version": 4,
  "terraform_version": "0.13.5",
  "serial": 43,
  "lineage": "4a4faf23-4253-e2a7-012e-9f13251842a5",
  "outputs": {},
  "resources": [
    {
      "module": "module.module",
      "mode": "managed",
      "type": "aws_s3_bucket",
      "name": "twitter_image_bucket",
      "provider": "provider[\"registry.terraform.io/hashicorp/aws\"]",
      "instances": [
        {
          "schema_version": 0,
          "attributes": {
            "acceleration_status": "",
            "acl": "private",
            "arn": "arn:aws:s3:::vikram-twitter-clone",
            "bucket": "vikram-twitter-clone",
            "bucket_domain_name": "vikram-twitter-clone.s3.amazonaws.com",
            "bucket_prefix": null,
            "bucket_regional_domain_name": "vikram-twitter-clone.s3.amazonaws.com",
            "cors_rule": [],
            "force_destroy": false,
            "grant": [],
            "hosted_zone_id": "Z3AQBSTGFYJSTF",
            "id": "vikram-twitter-clone",
            "lifecycle_rule": [],
            "logging": [],
            "object_lock_configuration": [],
            "policy": null,
            "region": "us-east-1",
            "replication_configuration": [],
            "request_payer": "BucketOwner",
            "server_side_encryption_configuration": [],
            "tags": {
              "Environment": "Dev",
              "Name": "twitter_clone_final_prj"
            },
            "versioning": [
              {
                "enabled": false,
                "mfa_delete": false
              }
            ],
            "website": [],
            "website_domain": null,
            "website_endpoint": null
          },
          "private": "bnVsbA=="
        }
      ]
    },
    {
      "module": "module.module",
      "mode": "managed",
      "type": "aws_s3_bucket_policy",
      "name": "twitter_image_bucket",
      "provider": "provider[\"registry.terraform.io/hashicorp/aws\"]",
      "instances": [
        {
          "schema_version": 0,
          "attributes": {
            "bucket": "vikram-twitter-clone",
            "id": "vikram-twitter-clone",
            "policy": "{\"Version\":\"2008-10-17\",\"Id\":\"mytwitterclone\",\"Statement\":[{\"Sid\":\"AllowingAccess\",\"Effect\":\"Allow\",\"Principal\":\"*\",\"Action\":[\"s3:PutObject\",\"s3:PutObjectAcl\",\"s3:GetObject\",\"s3:GetObjectAcl\"],\"Resource\":\"arn:aws:s3:::vikram-twitter-clone/*\"}]}"
          },
          "private": "bnVsbA==",
          "dependencies": [
            "module.module.aws_s3_bucket.twitter_image_bucket"
          ]
        }
      ]
    },
    {
      "module": "module.module",
      "mode": "managed",
      "type": "google_container_cluster",
      "name": "primary",
      "provider": "provider[\"registry.terraform.io/hashicorp/google\"]",
      "instances": [
        {
          "schema_version": 1,
          "attributes": {
            "addons_config": [
              {
                "cloudrun_config": [],
                "horizontal_pod_autoscaling": [],
                "http_load_balancing": [],
                "network_policy_config": [
                  {
                    "disabled": true
                  }
                ]
              }
            ],
            "authenticator_groups_config": [],
            "cluster_autoscaling": [
              {
                "auto_provisioning_defaults": [],
                "enabled": false,
                "resource_limits": []
              }
            ],
            "cluster_ipv4_cidr": "10.112.0.0/14",
            "database_encryption": [
              {
                "key_name": "",
                "state": "DECRYPTED"
              }
            ],
            "default_max_pods_per_node": null,
            "description": "",
            "enable_binary_authorization": false,
            "enable_intranode_visibility": null,
            "enable_kubernetes_alpha": false,
            "enable_legacy_abac": false,
            "enable_shielded_nodes": false,
            "enable_tpu": null,
            "endpoint": "34.73.219.185",
            "id": "projects/capable-country-298617/locations/us-east1-b/clusters/twitterclonecluster",
            "initial_node_count": 3,
            "instance_group_urls": [
              "https://www.googleapis.com/compute/v1/projects/capable-country-298617/zones/us-east1-b/instanceGroups/gke-twitterclonecluster-my-node-pool-a6a473eb-grp"
            ],
            "ip_allocation_policy": [],
            "label_fingerprint": "a9dc16a7",
            "location": "us-east1-b",
            "logging_service": "logging.googleapis.com/kubernetes",
            "maintenance_policy": [],
            "master_auth": [
              {
                "client_certificate": "",
                "client_certificate_config": [
                  {
                    "issue_client_certificate": false
                  }
                ],
                "client_key": "",
                "cluster_ca_certificate": "LS0tLS1CRUdJTiBDRVJUSUZJQ0FURS0tLS0tCk1JSURLakNDQWhLZ0F3SUJBZ0lRRjFmZnQ5b1hCT01nS0sxZFJlL2tTekFOQmdrcWhraUc5dzBCQVFzRkFEQXYKTVMwd0t3WURWUVFERXlSaFlXUmxOelkxTnkwME1XVXlMVFJtWlRBdFlXRTJOaTFpTkRBek5qUmhORGN5WW1FdwpIaGNOTWpBeE1qRTFNVEF5TXpVeFdoY05NalV4TWpFME1URXlNelV4V2pBdk1TMHdLd1lEVlFRREV5UmhZV1JsCk56WTFOeTAwTVdVeUxUUm1aVEF0WVdFMk5pMWlOREF6TmpSaE5EY3lZbUV3Z2dFaU1BMEdDU3FHU0liM0RRRUIKQVFVQUE0SUJEd0F3Z2dFS0FvSUJBUUMzSjQxZmt3WkEzZmVUYXhmRVVjUW81aGZXbC9qYWgzdUx1SE1KbXZ4TAo3Tml5TmdiT1hjRmlYa21ZTk91bitzUGtZWWg0a2w3cHJBVkZvbk1uZjJITktpVk5yMUx0RlRhd2JKY2lDS2R3Cm1ZQ29EYXBuTW9IWXZSSllHK1FnaXRsV3c3RlplSjZsOEpxckJNV3BBRU05dldETjIvTEhMWWwxU1dNUUpQVC8KM3EzcDFTODF5SVBmdkovZmpERE9rbXdYN0tkSXM1ZnN3WHF2YUIrNlB6V0Z4RmJaNEJyYjg4UnJ3eXRBVFMrSgpIbWErNDdmQ3BBVXRod3c2b1lCWUhVcDVBczU0amFidTFFWjJoZ3l3QjhGMENMd1AvVVYwSng4bi9PZ3RSMENMCkYvWFRZNFFiMGxRU0lGbkJ1V1llNzlPRG9qTS9jd2tKSkRqQXY0Y2J4QXdQQWdNQkFBR2pRakJBTUE0R0ExVWQKRHdFQi93UUVBd0lDQkRBUEJnTlZIUk1CQWY4RUJUQURBUUgvTUIwR0ExVWREZ1FXQkJSQ2lJTjNiNmVteWF1NApWOXlLWWprTitzNmtiekFOQmdrcWhraUc5dzBCQVFzRkFBT0NBUUVBSG03a3JGY0tBckVmR2JLREVMTDZWMHVSCnhMVVZJNG0rZjRDVy8yTmVoODhOcHkyRThnTVI2d2tpSUJNSzBJZitTdUsrQTkrbEtNTUJZZmRkTEx0cmtUYXAKRjZMREttU3FMY1F0TjhzVGVuUzNSblVOWWJ5bDRRMzI5U1gxTWVrMDBGV044d2tpWFlkcmhnT2ZPcXBrSE40bwo5NlFCLzFTVjhoenNpV3ZzdDdTd21yaEMyMTE1Qk0yMGduRHF1blhxYi9iR3pNaW5UNVBiQUlvSC9SeWJKLzJLCnZFd2E5UHpITTVUWUwwTXlFV01IS0hDMVdpaVd6TmtUUjlVSzU3dGZYYXNsWTVDSzc0a1hDaWdHWjRCdjhCZ3gKcWtPbXZzWDZYQU1ZWUtKbXpqZW5oTUV2M3U2dmM4R1JOVkVKMHZMNWpFZHdyK3E3THpabHd5S3NnbGJnWFE9PQotLS0tLUVORCBDRVJUSUZJQ0FURS0tLS0tCg==",
                "password": "",
                "username": ""
              }
            ],
            "master_authorized_networks_config": [],
            "master_version": "1.16.15-gke.4300",
            "min_master_version": null,
            "monitoring_service": "monitoring.googleapis.com/kubernetes",
            "name": "twitterclonecluster",
            "network": "projects/capable-country-298617/global/networks/default",
            "network_policy": [
              {
                "enabled": false,
                "provider": "PROVIDER_UNSPECIFIED"
              }
            ],
            "node_config": [
              {
                "disk_size_gb": 100,
                "disk_type": "pd-standard",
                "guest_accelerator": [],
                "image_type": "COS",
                "labels": {},
                "local_ssd_count": 0,
                "machine_type": "e2-medium",
                "metadata": {
                  "disable-legacy-endpoints": "true"
                },
                "min_cpu_platform": "",
                "oauth_scopes": [
                  "https://www.googleapis.com/auth/cloud-platform"
                ],
                "preemptible": true,
                "service_account": "default",
                "shielded_instance_config": [
                  {
                    "enable_integrity_monitoring": true,
                    "enable_secure_boot": false
                  }
                ],
                "tags": [],
                "taint": [],
                "workload_metadata_config": []
              }
            ],
            "node_locations": [],
            "node_pool": [
              {
                "autoscaling": [],
                "initial_node_count": 3,
                "instance_group_urls": [
                  "https://www.googleapis.com/compute/v1/projects/capable-country-298617/zones/us-east1-b/instanceGroupManagers/gke-twitterclonecluster-my-node-pool-a6a473eb-grp"
                ],
                "management": [
                  {
                    "auto_repair": true,
                    "auto_upgrade": true
                  }
                ],
                "max_pods_per_node": 0,
                "name": "my-node-pool",
                "name_prefix": "",
                "node_config": [
                  {
                    "disk_size_gb": 100,
                    "disk_type": "pd-standard",
                    "guest_accelerator": [],
                    "image_type": "COS",
                    "labels": {},
                    "local_ssd_count": 0,
                    "machine_type": "e2-medium",
                    "metadata": {
                      "disable-legacy-endpoints": "true"
                    },
                    "min_cpu_platform": "",
                    "oauth_scopes": [
                      "https://www.googleapis.com/auth/cloud-platform"
                    ],
                    "preemptible": true,
                    "service_account": "default",
                    "shielded_instance_config": [
                      {
                        "enable_integrity_monitoring": true,
                        "enable_secure_boot": false
                      }
                    ],
                    "tags": [],
                    "taint": [],
                    "workload_metadata_config": []
                  }
                ],
                "node_count": 3,
                "node_locations": [
                  "us-east1-b"
                ],
                "upgrade_settings": [
                  {
                    "max_surge": 1,
                    "max_unavailable": 0
                  }
                ],
                "version": "1.16.15-gke.4300"
              }
            ],
            "node_version": "1.16.15-gke.4300",
            "operation": null,
            "pod_security_policy_config": [],
            "private_cluster_config": [],
            "project": "capable-country-298617",
            "release_channel": [
              {
                "channel": "UNSPECIFIED"
              }
            ],
            "remove_default_node_pool": true,
            "resource_labels": {},
            "resource_usage_export_config": [],
            "self_link": "https://container.googleapis.com/v1beta1/projects/capable-country-298617/zones/us-east1-b/clusters/twitterclonecluster",
            "services_ipv4_cidr": "10.115.240.0/20",
            "subnetwork": "projects/capable-country-298617/regions/us-east1/subnetworks/default",
            "timeouts": null,
            "vertical_pod_autoscaling": [],
            "workload_identity_config": []
          },
          "private": "eyJlMmJmYjczMC1lY2FhLTExZTYtOGY4OC0zNDM2M2JjN2M0YzAiOnsiY3JlYXRlIjoyNDAwMDAwMDAwMDAwLCJkZWxldGUiOjI0MDAwMDAwMDAwMDAsInJlYWQiOjI0MDAwMDAwMDAwMDAsInVwZGF0ZSI6MzYwMDAwMDAwMDAwMH0sInNjaGVtYV92ZXJzaW9uIjoiMSJ9"
        }
      ]
    },
    {
      "module": "module.module",
      "mode": "managed",
      "type": "google_container_node_pool",
      "name": "primary_preemptible_nodes",
      "provider": "provider[\"registry.terraform.io/hashicorp/google\"]",
      "instances": [
        {
          "schema_version": 1,
          "attributes": {
            "autoscaling": [],
            "cluster": "twitterclonecluster",
            "id": "projects/capable-country-298617/locations/us-east1-b/clusters/twitterclonecluster/nodePools/my-node-pool",
            "initial_node_count": 4,
            "instance_group_urls": [
              "https://www.googleapis.com/compute/v1/projects/capable-country-298617/zones/us-east1-b/instanceGroupManagers/gke-twitterclonecluster-my-node-pool-a6a473eb-grp"
            ],
            "location": "us-east1-b",
            "management": [
              {
                "auto_repair": true,
                "auto_upgrade": true
              }
            ],
            "max_pods_per_node": null,
            "name": "my-node-pool",
            "name_prefix": "",
            "node_config": [
              {
                "disk_size_gb": 100,
                "disk_type": "pd-standard",
                "guest_accelerator": [],
                "image_type": "COS",
                "labels": {},
                "local_ssd_count": 0,
                "machine_type": "e2-medium",
                "metadata": {
                  "disable-legacy-endpoints": "true"
                },
                "min_cpu_platform": "",
                "oauth_scopes": [
                  "https://www.googleapis.com/auth/cloud-platform"
                ],
                "preemptible": true,
                "service_account": "default",
                "shielded_instance_config": [
                  {
                    "enable_integrity_monitoring": true,
                    "enable_secure_boot": false
                  }
                ],
                "tags": [],
                "taint": [],
                "workload_metadata_config": []
              }
            ],
            "node_count": 4,
            "node_locations": [
              "us-east1-b"
            ],
            "project": "capable-country-298617",
            "timeouts": null,
            "upgrade_settings": [
              {
                "max_surge": 1,
                "max_unavailable": 0
              }
            ],
            "version": "1.16.15-gke.4300"
          },
          "private": "eyJlMmJmYjczMC1lY2FhLTExZTYtOGY4OC0zNDM2M2JjN2M0YzAiOnsiY3JlYXRlIjoxODAwMDAwMDAwMDAwLCJkZWxldGUiOjE4MDAwMDAwMDAwMDAsInVwZGF0ZSI6MTgwMDAwMDAwMDAwMH0sInNjaGVtYV92ZXJzaW9uIjoiMSJ9",
          "dependencies": [
            "module.module.google_container_cluster.primary"
          ]
        }
      ]
    }
  ]
}
